
Microsoft Visual Studio Solution File, Format Version 12.00
# Visual Studio Version 16
VisualStudioVersion = 16.0.29728.190
MinimumVisualStudioVersion = 10.0.40219.1
Project("{FAE04EC0-301F-11D3-BF4B-00C04F79EFBC}") = "AspCrud", "AspCrud.csproj", "{0A9091E8-1C7C-4079-8E04-CD15E56B469B}"
EndProject
Global
	GlobalSection(SolutionConfigurationPlatforms) = preSolution
		Debug|Any CPU = Debug|Any CPU
		Release|Any CPU = Release|Any CPU
	EndGlobalSection
	GlobalSection(ProjectConfigurationPlatforms) = postSolution
		{0A9091E8-1C7C-4079-8E04-CD15E56B469B}.Debug|Any CPU.ActiveCfg = Debug|Any CPU
		{0A9091E8-1C7C-4079-8E04-CD15E56B469B}.Debug|Any CPU.Build.0 = Debug|Any CPU
		{0A9091E8-1C7C-4079-8E04-CD15E56B469B}.Release|Any CPU.ActiveCfg = Release|Any CPU
		{0A9091E8-1C7C-4079-8E04-CD15E56B469B}.Release|Any CPU.Build.0 = Release|Any CPU
	EndGlobalSection
	GlobalSection(SolutionProperties) = preSolution
		HideSolutionNode = FALSE
	EndGlobalSection
	GlobalSection(ExtensibilityGlobals) = postSolution
		SolutionGuid = {A9A21DF8-FFE6-4541-9BA3-FF035064466D}
	EndGlobalSection
EndGlobal
